
Microsoft Visual Studio Solution File, Format Version 12.00
# Visual Studio Version 17
VisualStudioVersion = 17.0.31903.59
MinimumVisualStudioVersion = 10.0.40219.1
Project("{2150E333-8FDC-42A3-9474-1A3956D46DE8}") = "src", "src", "{827E0CD3-B72D-47B6-A68D-7590B98EB39B}"
EndProject
Project("{FAE04EC0-301F-11D3-BF4B-00C04F79EFBC}") = "Domain", "src\Domain\Domain.csproj", "{3D36A6E0-148A-4F17-9330-E11014A49FFE}"
EndProject
Project("{FAE04EC0-301F-11D3-BF4B-00C04F79EFBC}") = "Application", "src\Application\Application.csproj", "{1D1C37BF-6DAC-4345-96E7-A11BEF7AC391}"
EndProject
Project("{FAE04EC0-301F-11D3-BF4B-00C04F79EFBC}") = "Api", "src\Api\Api.csproj", "{49168DF0-3A33-47BF-8476-C4B20E6062B1}"
EndProject
Project("{FAE04EC0-301F-11D3-BF4B-00C04F79EFBC}") = "Infrastructure", "src\Infrastructure\Infrastructure.csproj", "{BDCE9565-2BE9-4A1D-A363-91755549109D}"
EndProject
Global
	GlobalSection(SolutionConfigurationPlatforms) = preSolution
		Debug|Any CPU = Debug|Any CPU
		Debug|x64 = Debug|x64
		Debug|x86 = Debug|x86
		Release|Any CPU = Release|Any CPU
		Release|x64 = Release|x64
		Release|x86 = Release|x86
	EndGlobalSection
	GlobalSection(ProjectConfigurationPlatforms) = postSolution
		{3D36A6E0-148A-4F17-9330-E11014A49FFE}.Debug|Any CPU.ActiveCfg = Debug|Any CPU
		{3D36A6E0-148A-4F17-9330-E11014A49FFE}.Debug|Any CPU.Build.0 = Debug|Any CPU
		{3D36A6E0-148A-4F17-9330-E11014A49FFE}.Debug|x64.ActiveCfg = Debug|Any CPU
		{3D36A6E0-148A-4F17-9330-E11014A49FFE}.Debug|x64.Build.0 = Debug|Any CPU
		{3D36A6E0-148A-4F17-9330-E11014A49FFE}.Debug|x86.ActiveCfg = Debug|Any CPU
		{3D36A6E0-148A-4F17-9330-E11014A49FFE}.Debug|x86.Build.0 = Debug|Any CPU
		{3D36A6E0-148A-4F17-9330-E11014A49FFE}.Release|Any CPU.ActiveCfg = Release|Any CPU
		{3D36A6E0-148A-4F17-9330-E11014A49FFE}.Release|Any CPU.Build.0 = Release|Any CPU
		{3D36A6E0-148A-4F17-9330-E11014A49FFE}.Release|x64.ActiveCfg = Release|Any CPU
		{3D36A6E0-148A-4F17-9330-E11014A49FFE}.Release|x64.Build.0 = Release|Any CPU
		{3D36A6E0-148A-4F17-9330-E11014A49FFE}.Release|x86.ActiveCfg = Release|Any CPU
		{3D36A6E0-148A-4F17-9330-E11014A49FFE}.Release|x86.Build.0 = Release|Any CPU
		{1D1C37BF-6DAC-4345-96E7-A11BEF7AC391}.Debug|Any CPU.ActiveCfg = Debug|Any CPU
		{1D1C37BF-6DAC-4345-96E7-A11BEF7AC391}.Debug|Any CPU.Build.0 = Debug|Any CPU
		{1D1C37BF-6DAC-4345-96E7-A11BEF7AC391}.Debug|x64.ActiveCfg = Debug|Any CPU
		{1D1C37BF-6DAC-4345-96E7-A11BEF7AC391}.Debug|x64.Build.0 = Debug|Any CPU
		{1D1C37BF-6DAC-4345-96E7-A11BEF7AC391}.Debug|x86.ActiveCfg = Debug|Any CPU
		{1D1C37BF-6DAC-4345-96E7-A11BEF7AC391}.Debug|x86.Build.0 = Debug|Any CPU
		{1D1C37BF-6DAC-4345-96E7-A11BEF7AC391}.Release|Any CPU.ActiveCfg = Release|Any CPU
		{1D1C37BF-6DAC-4345-96E7-A11BEF7AC391}.Release|Any CPU.Build.0 = Release|Any CPU
		{1D1C37BF-6DAC-4345-96E7-A11BEF7AC391}.Release|x64.ActiveCfg = Release|Any CPU
		{1D1C37BF-6DAC-4345-96E7-A11BEF7AC391}.Release|x64.Build.0 = Release|Any CPU
		{1D1C37BF-6DAC-4345-96E7-A11BEF7AC391}.Release|x86.ActiveCfg = Release|Any CPU
		{1D1C37BF-6DAC-4345-96E7-A11BEF7AC391}.Release|x86.Build.0 = Release|Any CPU
		{49168DF0-3A33-47BF-8476-C4B20E6062B1}.Debug|Any CPU.ActiveCfg = Debug|Any CPU
		{49168DF0-3A33-47BF-8476-C4B20E6062B1}.Debug|Any CPU.Build.0 = Debug|Any CPU
		{49168DF0-3A33-47BF-8476-C4B20E6062B1}.Debug|x64.ActiveCfg = Debug|Any CPU
		{49168DF0-3A33-47BF-8476-C4B20E6062B1}.Debug|x64.Build.0 = Debug|Any CPU
		{49168DF0-3A33-47BF-8476-C4B20E6062B1}.Debug|x86.ActiveCfg = Debug|Any CPU
		{49168DF0-3A33-47BF-8476-C4B20E6062B1}.Debug|x86.Build.0 = Debug|Any CPU
		{49168DF0-3A33-47BF-8476-C4B20E6062B1}.Release|Any CPU.ActiveCfg = Release|Any CPU
		{49168DF0-3A33-47BF-8476-C4B20E6062B1}.Release|Any CPU.Build.0 = Release|Any CPU
		{49168DF0-3A33-47BF-8476-C4B20E6062B1}.Release|x64.ActiveCfg = Release|Any CPU
		{49168DF0-3A33-47BF-8476-C4B20E6062B1}.Release|x64.Build.0 = Release|Any CPU
		{49168DF0-3A33-47BF-8476-C4B20E6062B1}.Release|x86.ActiveCfg = Release|Any CPU
		{49168DF0-3A33-47BF-8476-C4B20E6062B1}.Release|x86.Build.0 = Release|Any CPU
		{BDCE9565-2BE9-4A1D-A363-91755549109D}.Debug|Any CPU.ActiveCfg = Debug|Any CPU
		{BDCE9565-2BE9-4A1D-A363-91755549109D}.Debug|Any CPU.Build.0 = Debug|Any CPU
		{BDCE9565-2BE9-4A1D-A363-91755549109D}.Debug|x64.ActiveCfg = Debug|Any CPU
		{BDCE9565-2BE9-4A1D-A363-91755549109D}.Debug|x64.Build.0 = Debug|Any CPU
		{BDCE9565-2BE9-4A1D-A363-91755549109D}.Debug|x86.ActiveCfg = Debug|Any CPU
		{BDCE9565-2BE9-4A1D-A363-91755549109D}.Debug|x86.Build.0 = Debug|Any CPU
		{BDCE9565-2BE9-4A1D-A363-91755549109D}.Release|Any CPU.ActiveCfg = Release|Any CPU
		{BDCE9565-2BE9-4A1D-A363-91755549109D}.Release|Any CPU.Build.0 = Release|Any CPU
		{BDCE9565-2BE9-4A1D-A363-91755549109D}.Release|x64.ActiveCfg = Release|Any CPU
		{BDCE9565-2BE9-4A1D-A363-91755549109D}.Release|x64.Build.0 = Release|Any CPU
		{BDCE9565-2BE9-4A1D-A363-91755549109D}.Release|x86.ActiveCfg = Release|Any CPU
		{BDCE9565-2BE9-4A1D-A363-91755549109D}.Release|x86.Build.0 = Release|Any CPU
	EndGlobalSection
	GlobalSection(SolutionProperties) = preSolution
		HideSolutionNode = FALSE
	EndGlobalSection
	GlobalSection(NestedProjects) = preSolution
		{3D36A6E0-148A-4F17-9330-E11014A49FFE} = {827E0CD3-B72D-47B6-A68D-7590B98EB39B}
		{1D1C37BF-6DAC-4345-96E7-A11BEF7AC391} = {827E0CD3-B72D-47B6-A68D-7590B98EB39B}
		{49168DF0-3A33-47BF-8476-C4B20E6062B1} = {827E0CD3-B72D-47B6-A68D-7590B98EB39B}
		{BDCE9565-2BE9-4A1D-A363-91755549109D} = {827E0CD3-B72D-47B6-A68D-7590B98EB39B}
	EndGlobalSection
EndGlobal
